{
  "nodes": {
    "brew-src": {
      "flake": false,
      "locked": {
        "lastModified": 1746795192,
        "narHash": "sha256-Cv+RXuzmn2iGBY2Ny/nXBTH+LFKDWIvMxf9a+btKI6M=",
        "owner": "Homebrew",
        "repo": "brew",
        "rev": "6f39076b3c2251994419215279d0525ef667fc31",
        "type": "github"
      },
      "original": {
        "owner": "Homebrew",
        "ref": "4.5.2",
        "repo": "brew",
        "type": "github"
      }
    },
    "homebrew-bundle": {
      "flake": false,
      "locked": {
        "lastModified": 1745335228,
        "narHash": "sha256-TIKR2UgtyUmHLNZp255/vLs+1I10hXe+sciMEbAGFwE=",
        "owner": "homebrew",
        "repo": "homebrew-bundle",
        "rev": "a3265c84b232e13048ecbf6fc18a2eedfadbeb08",
        "type": "github"
      },
      "original": {
        "owner": "homebrew",
        "repo": "homebrew-bundle",
        "type": "github"
      }
    },
    "homebrew-cask": {
      "flake": false,
      "locked": {
        "lastModified": 1747067230,
        "narHash": "sha256-XKV8xzSNFQI4OpqJuD16Q0Unn0BFi+BtJNLOYo8H/z0=",
        "owner": "homebrew",
        "repo": "homebrew-cask",
        "rev": "43f50e48407088f10f2b467856d7f4be5d1ae0bb",
        "type": "github"
      },
      "original": {
        "owner": "homebrew",
        "repo": "homebrew-cask",
        "type": "github"
      }
    },
    "homebrew-core": {
      "flake": false,
      "locked": {
        "lastModified": 1747065101,
        "narHash": "sha256-hkUSJ2Exww4QpDSWyzRQKirtaEb1yuPFL0mXwQ9WS2g=",
        "owner": "homebrew",
        "repo": "homebrew-core",
        "rev": "77ed65a2e947685b39790f7e9fcb8b476aca12cf",
        "type": "github"
      },
      "original": {
        "owner": "homebrew",
        "repo": "homebrew-core",
        "type": "github"
      }
    },
    "microsoft-git": {
      "flake": false,
      "locked": {
        "lastModified": 1747047355,
        "narHash": "sha256-E6PpJWMptz8OQUgYiyXOq40tH0ssDjsW5VJU7WBwixQ=",
        "owner": "microsoft",
        "repo": "homebrew-git",
        "rev": "b60f0cf5bc16b04277d0f4d8fb3f99559ecb989c",
        "type": "github"
      },
      "original": {
        "owner": "microsoft",
        "repo": "homebrew-git",
        "type": "github"
      }
    },
    "nix-darwin": {
      "inputs": {
        "nixpkgs": [
          "nixpkgs"
        ]
      },
      "locked": {
        "lastModified": 1747069642,
        "narHash": "sha256-a4TdGi/Ju8P3r5OIecNfM3LH3kccMY0dIo+EwiyphmM=",
        "owner": "LnL7",
        "repo": "nix-darwin",
        "rev": "d642c9856003ed37ce34dab618abf37e3ade1061",
        "type": "github"
      },
      "original": {
        "owner": "LnL7",
        "ref": "master",
        "repo": "nix-darwin",
        "type": "github"
      }
    },
    "nix-darwin_2": {
      "inputs": {
        "nixpkgs": "nixpkgs"
      },
      "locked": {
        "lastModified": 1716329735,
        "narHash": "sha256-ap51w+VqG21vuzyQ04WrhI2YbWHd3UGz0e7dc/QQmoA=",
        "owner": "LnL7",
        "repo": "nix-darwin",
        "rev": "eac4f25028c1975a939c8f8fba95c12f8a25e01c",
        "type": "github"
      },
      "original": {
        "owner": "LnL7",
        "repo": "nix-darwin",
        "type": "github"
      }
    },
    "nix-homebrew": {
      "inputs": {
        "brew-src": "brew-src",
        "nix-darwin": "nix-darwin_2",
        "nixpkgs": "nixpkgs_2"
      },
      "locked": {
        "lastModified": 1747063990,
        "narHash": "sha256-wPffD2XB7OSpP73w1lks/XaeH3flO9FeVy1ms30lgNE=",
        "owner": "zhaofengli-wip",
        "repo": "nix-homebrew",
        "rev": "61ca6faf8481f15e5d0d1634c186763791b66fda",
        "type": "github"
      },
      "original": {
        "owner": "zhaofengli-wip",
        "repo": "nix-homebrew",
        "type": "github"
      }
    },
    "nixpkgs": {
      "locked": {
        "lastModified": 1687274257,
        "narHash": "sha256-TutzPriQcZ8FghDhEolnHcYU2oHIG5XWF+/SUBNnAOE=",
        "path": "/nix/store/22qgs3skscd9bmrxv9xv4q5d4wwm5ppx-source",
        "rev": "2c9ecd1f0400076a4d6b2193ad468ff0a7e7fdc5",
        "type": "path"
      },
      "original": {
        "id": "nixpkgs",
        "type": "indirect"
      }
    },
    "nixpkgs_2": {
      "locked": {
        "lastModified": 1746328495,
        "narHash": "sha256-uKCfuDs7ZM3QpCE/jnfubTg459CnKnJG/LwqEVEdEiw=",
        "owner": "NixOS",
        "repo": "nixpkgs",
        "rev": "979daf34c8cacebcd917d540070b52a3c2b9b16e",
        "type": "github"
      },
      "original": {
        "owner": "NixOS",
        "ref": "nixos-unstable",
        "repo": "nixpkgs",
        "type": "github"
      }
    },
    "nixpkgs_3": {
      "locked": {
        "lastModified": 1746576598,
        "narHash": "sha256-FshoQvr6Aor5SnORVvh/ZdJ1Sa2U4ZrIMwKBX5k2wu0=",
        "owner": "NixOS",
        "repo": "nixpkgs",
        "rev": "b3582c75c7f21ce0b429898980eddbbf05c68e55",
        "type": "github"
      },
      "original": {
        "owner": "NixOS",
        "ref": "nixpkgs-unstable",
        "repo": "nixpkgs",
        "type": "github"
      }
    },
    "oven-sh-bun": {
      "flake": false,
      "locked": {
        "lastModified": 1746885918,
        "narHash": "sha256-ZyiN4cHDD/6NR/2e11M1h+Vlyz1SEpVh0eI++yfCaSY=",
        "owner": "oven-sh",
        "repo": "homebrew-bun",
        "rev": "9c8e0bec6de68e88234367ead5817b940979f175",
        "type": "github"
      },
      "original": {
        "owner": "oven-sh",
        "repo": "homebrew-bun",
        "type": "github"
      }
    },
    "root": {
      "inputs": {
        "homebrew-bundle": "homebrew-bundle",
        "homebrew-cask": "homebrew-cask",
        "homebrew-core": "homebrew-core",
        "microsoft-git": "microsoft-git",
        "nix-darwin": "nix-darwin",
        "nix-homebrew": "nix-homebrew",
        "nixpkgs": "nixpkgs_3",
        "oven-sh-bun": "oven-sh-bun"
      }
    }
  },
  "root": "root",
  "version": 7
}
